
Microsoft Visual Studio Solution File, Format Version 12.00
# Visual Studio Version 17
VisualStudioVersion = 17.11.35312.102
MinimumVisualStudioVersion = 10.0.40219.1
Project("{FAE04EC0-301F-11D3-BF4B-00C04F79EFBC}") = "ejercicio4", "ejercicio4\ejercicio4.csproj", "{EACA7D5E-A000-4BE0-B7B1-1DCA2186FD1B}"
EndProject
Global
	GlobalSection(SolutionConfigurationPlatforms) = preSolution
		Debug|Any CPU = Debug|Any CPU
		Release|Any CPU = Release|Any CPU
	EndGlobalSection
	GlobalSection(ProjectConfigurationPlatforms) = postSolution
		{EACA7D5E-A000-4BE0-B7B1-1DCA2186FD1B}.Debug|Any CPU.ActiveCfg = Debug|Any CPU
		{EACA7D5E-A000-4BE0-B7B1-1DCA2186FD1B}.Debug|Any CPU.Build.0 = Debug|Any CPU
		{EACA7D5E-A000-4BE0-B7B1-1DCA2186FD1B}.Release|Any CPU.ActiveCfg = Release|Any CPU
		{EACA7D5E-A000-4BE0-B7B1-1DCA2186FD1B}.Release|Any CPU.Build.0 = Release|Any CPU
	EndGlobalSection
	GlobalSection(SolutionProperties) = preSolution
		HideSolutionNode = FALSE
	EndGlobalSection
	GlobalSection(ExtensibilityGlobals) = postSolution
		SolutionGuid = {94F63B65-06A5-42D2-A989-63FD716E7FEC}
	EndGlobalSection
EndGlobal
